
Microsoft Visual Studio Solution File, Format Version 12.00
# Visual Studio Version 17
VisualStudioVersion = 17.11.35312.102
MinimumVisualStudioVersion = 10.0.40219.1
Project("{FAE04EC0-301F-11D3-BF4B-00C04F79EFBC}") = "QuickReserve.UWP", "QuickReserve\QuickReserve.UWP\QuickReserve.UWP.csproj", "{53FFAAA4-F788-47E6-903A-6A89ACBA2155}"
EndProject
Project("{FAE04EC0-301F-11D3-BF4B-00C04F79EFBC}") = "QuickReserve.Android", "QuickReserve\QuickReserve.Android\QuickReserve.Android.csproj", "{D4676A82-81E4-4192-9B7C-AA7926523B20}"
EndProject
Project("{FAE04EC0-301F-11D3-BF4B-00C04F79EFBC}") = "QuickReserve.iOS", "QuickReserve\QuickReserve.iOS\QuickReserve.iOS.csproj", "{268076DB-B335-48A9-9C64-D3943A658513}"
EndProject
Project("{9A19103F-16F7-4668-BE54-9A1E7A4F7556}") = "QuickReserve", "QuickReserve\QuickReserve\QuickReserve.csproj", "{1692E497-A40E-4300-AEC0-75DD529AB21F}"
EndProject
Global
	GlobalSection(SolutionConfigurationPlatforms) = preSolution
		Debug|Any CPU = Debug|Any CPU
		Debug|ARM = Debug|ARM
		Debug|iPhone = Debug|iPhone
		Debug|iPhoneSimulator = Debug|iPhoneSimulator
		Debug|x64 = Debug|x64
		Debug|x86 = Debug|x86
		Release|Any CPU = Release|Any CPU
		Release|ARM = Release|ARM
		Release|iPhone = Release|iPhone
		Release|iPhoneSimulator = Release|iPhoneSimulator
		Release|x64 = Release|x64
		Release|x86 = Release|x86
	EndGlobalSection
	GlobalSection(ProjectConfigurationPlatforms) = postSolution
		{53FFAAA4-F788-47E6-903A-6A89ACBA2155}.Debug|Any CPU.ActiveCfg = Debug|x64
		{53FFAAA4-F788-47E6-903A-6A89ACBA2155}.Debug|Any CPU.Build.0 = Debug|x64
		{53FFAAA4-F788-47E6-903A-6A89ACBA2155}.Debug|Any CPU.Deploy.0 = Debug|x64
		{53FFAAA4-F788-47E6-903A-6A89ACBA2155}.Debug|ARM.ActiveCfg = Debug|ARM
		{53FFAAA4-F788-47E6-903A-6A89ACBA2155}.Debug|ARM.Build.0 = Debug|ARM
		{53FFAAA4-F788-47E6-903A-6A89ACBA2155}.Debug|ARM.Deploy.0 = Debug|ARM
		{53FFAAA4-F788-47E6-903A-6A89ACBA2155}.Debug|iPhone.ActiveCfg = Debug|x64
		{53FFAAA4-F788-47E6-903A-6A89ACBA2155}.Debug|iPhone.Build.0 = Debug|x64
		{53FFAAA4-F788-47E6-903A-6A89ACBA2155}.Debug|iPhone.Deploy.0 = Debug|x64
		{53FFAAA4-F788-47E6-903A-6A89ACBA2155}.Debug|iPhoneSimulator.ActiveCfg = Debug|x64
		{53FFAAA4-F788-47E6-903A-6A89ACBA2155}.Debug|iPhoneSimulator.Build.0 = Debug|x64
		{53FFAAA4-F788-47E6-903A-6A89ACBA2155}.Debug|iPhoneSimulator.Deploy.0 = Debug|x64
		{53FFAAA4-F788-47E6-903A-6A89ACBA2155}.Debug|x64.ActiveCfg = Debug|x64
		{53FFAAA4-F788-47E6-903A-6A89ACBA2155}.Debug|x64.Build.0 = Debug|x64
		{53FFAAA4-F788-47E6-903A-6A89ACBA2155}.Debug|x64.Deploy.0 = Debug|x64
		{53FFAAA4-F788-47E6-903A-6A89ACBA2155}.Debug|x86.ActiveCfg = Debug|x86
		{53FFAAA4-F788-47E6-903A-6A89ACBA2155}.Debug|x86.Build.0 = Debug|x86
		{53FFAAA4-F788-47E6-903A-6A89ACBA2155}.Debug|x86.Deploy.0 = Debug|x86
		{53FFAAA4-F788-47E6-903A-6A89ACBA2155}.Release|Any CPU.ActiveCfg = Release|x64
		{53FFAAA4-F788-47E6-903A-6A89ACBA2155}.Release|Any CPU.Build.0 = Release|x64
		{53FFAAA4-F788-47E6-903A-6A89ACBA2155}.Release|Any CPU.Deploy.0 = Release|x64
		{53FFAAA4-F788-47E6-903A-6A89ACBA2155}.Release|ARM.ActiveCfg = Release|ARM
		{53FFAAA4-F788-47E6-903A-6A89ACBA2155}.Release|ARM.Build.0 = Release|ARM
		{53FFAAA4-F788-47E6-903A-6A89ACBA2155}.Release|ARM.Deploy.0 = Release|ARM
		{53FFAAA4-F788-47E6-903A-6A89ACBA2155}.Release|iPhone.ActiveCfg = Release|x64
		{53FFAAA4-F788-47E6-903A-6A89ACBA2155}.Release|iPhone.Build.0 = Release|x64
		{53FFAAA4-F788-47E6-903A-6A89ACBA2155}.Release|iPhone.Deploy.0 = Release|x64
		{53FFAAA4-F788-47E6-903A-6A89ACBA2155}.Release|iPhoneSimulator.ActiveCfg = Release|x64
		{53FFAAA4-F788-47E6-903A-6A89ACBA2155}.Release|iPhoneSimulator.Build.0 = Release|x64
		{53FFAAA4-F788-47E6-903A-6A89ACBA2155}.Release|iPhoneSimulator.Deploy.0 = Release|x64
		{53FFAAA4-F788-47E6-903A-6A89ACBA2155}.Release|x64.ActiveCfg = Release|x64
		{53FFAAA4-F788-47E6-903A-6A89ACBA2155}.Release|x64.Build.0 = Release|x64
		{53FFAAA4-F788-47E6-903A-6A89ACBA2155}.Release|x64.Deploy.0 = Release|x64
		{53FFAAA4-F788-47E6-903A-6A89ACBA2155}.Release|x86.ActiveCfg = Release|x86
		{53FFAAA4-F788-47E6-903A-6A89ACBA2155}.Release|x86.Build.0 = Release|x86
		{53FFAAA4-F788-47E6-903A-6A89ACBA2155}.Release|x86.Deploy.0 = Release|x86
		{D4676A82-81E4-4192-9B7C-AA7926523B20}.Debug|Any CPU.ActiveCfg = Debug|Any CPU
		{D4676A82-81E4-4192-9B7C-AA7926523B20}.Debug|Any CPU.Build.0 = Debug|Any CPU
		{D4676A82-81E4-4192-9B7C-AA7926523B20}.Debug|Any CPU.Deploy.0 = Debug|Any CPU
		{D4676A82-81E4-4192-9B7C-AA7926523B20}.Debug|ARM.ActiveCfg = Debug|Any CPU
		{D4676A82-81E4-4192-9B7C-AA7926523B20}.Debug|ARM.Build.0 = Debug|Any CPU
		{D4676A82-81E4-4192-9B7C-AA7926523B20}.Debug|ARM.Deploy.0 = Debug|Any CPU
		{D4676A82-81E4-4192-9B7C-AA7926523B20}.Debug|iPhone.ActiveCfg = Debug|Any CPU
		{D4676A82-81E4-4192-9B7C-AA7926523B20}.Debug|iPhone.Build.0 = Debug|Any CPU
		{D4676A82-81E4-4192-9B7C-AA7926523B20}.Debug|iPhone.Deploy.0 = Debug|Any CPU
		{D4676A82-81E4-4192-9B7C-AA7926523B20}.Debug|iPhoneSimulator.ActiveCfg = Debug|Any CPU
		{D4676A82-81E4-4192-9B7C-AA7926523B20}.Debug|iPhoneSimulator.Build.0 = Debug|Any CPU
		{D4676A82-81E4-4192-9B7C-AA7926523B20}.Debug|iPhoneSimulator.Deploy.0 = Debug|Any CPU
		{D4676A82-81E4-4192-9B7C-AA7926523B20}.Debug|x64.ActiveCfg = Debug|Any CPU
		{D4676A82-81E4-4192-9B7C-AA7926523B20}.Debug|x64.Build.0 = Debug|Any CPU
		{D4676A82-81E4-4192-9B7C-AA7926523B20}.Debug|x64.Deploy.0 = Debug|Any CPU
		{D4676A82-81E4-4192-9B7C-AA7926523B20}.Debug|x86.ActiveCfg = Debug|Any CPU
		{D4676A82-81E4-4192-9B7C-AA7926523B20}.Debug|x86.Build.0 = Debug|Any CPU
		{D4676A82-81E4-4192-9B7C-AA7926523B20}.Debug|x86.Deploy.0 = Debug|Any CPU
		{D4676A82-81E4-4192-9B7C-AA7926523B20}.Release|Any CPU.ActiveCfg = Release|Any CPU
		{D4676A82-81E4-4192-9B7C-AA7926523B20}.Release|Any CPU.Build.0 = Release|Any CPU
		{D4676A82-81E4-4192-9B7C-AA7926523B20}.Release|Any CPU.Deploy.0 = Release|Any CPU
		{D4676A82-81E4-4192-9B7C-AA7926523B20}.Release|ARM.ActiveCfg = Release|Any CPU
		{D4676A82-81E4-4192-9B7C-AA7926523B20}.Release|ARM.Build.0 = Release|Any CPU
		{D4676A82-81E4-4192-9B7C-AA7926523B20}.Release|ARM.Deploy.0 = Release|Any CPU
		{D4676A82-81E4-4192-9B7C-AA7926523B20}.Release|iPhone.ActiveCfg = Release|Any CPU
		{D4676A82-81E4-4192-9B7C-AA7926523B20}.Release|iPhone.Build.0 = Release|Any CPU
		{D4676A82-81E4-4192-9B7C-AA7926523B20}.Release|iPhone.Deploy.0 = Release|Any CPU
		{D4676A82-81E4-4192-9B7C-AA7926523B20}.Release|iPhoneSimulator.ActiveCfg = Release|Any CPU
		{D4676A82-81E4-4192-9B7C-AA7926523B20}.Release|iPhoneSimulator.Build.0 = Release|Any CPU
		{D4676A82-81E4-4192-9B7C-AA7926523B20}.Release|iPhoneSimulator.Deploy.0 = Release|Any CPU
		{D4676A82-81E4-4192-9B7C-AA7926523B20}.Release|x64.ActiveCfg = Release|Any CPU
		{D4676A82-81E4-4192-9B7C-AA7926523B20}.Release|x64.Build.0 = Release|Any CPU
		{D4676A82-81E4-4192-9B7C-AA7926523B20}.Release|x64.Deploy.0 = Release|Any CPU
		{D4676A82-81E4-4192-9B7C-AA7926523B20}.Release|x86.ActiveCfg = Release|Any CPU
		{D4676A82-81E4-4192-9B7C-AA7926523B20}.Release|x86.Build.0 = Release|Any CPU
		{D4676A82-81E4-4192-9B7C-AA7926523B20}.Release|x86.Deploy.0 = Release|Any CPU
		{268076DB-B335-48A9-9C64-D3943A658513}.Debug|Any CPU.ActiveCfg = Debug|iPhoneSimulator
		{268076DB-B335-48A9-9C64-D3943A658513}.Debug|Any CPU.Build.0 = Debug|iPhoneSimulator
		{268076DB-B335-48A9-9C64-D3943A658513}.Debug|Any CPU.Deploy.0 = Debug|iPhoneSimulator
		{268076DB-B335-48A9-9C64-D3943A658513}.Debug|ARM.ActiveCfg = Debug|iPhoneSimulator
		{268076DB-B335-48A9-9C64-D3943A658513}.Debug|ARM.Build.0 = Debug|iPhoneSimulator
		{268076DB-B335-48A9-9C64-D3943A658513}.Debug|ARM.Deploy.0 = Debug|iPhoneSimulator
		{268076DB-B335-48A9-9C64-D3943A658513}.Debug|iPhone.ActiveCfg = Debug|iPhone
		{268076DB-B335-48A9-9C64-D3943A658513}.Debug|iPhone.Build.0 = Debug|iPhone
		{268076DB-B335-48A9-9C64-D3943A658513}.Debug|iPhoneSimulator.ActiveCfg = Debug|iPhoneSimulator
		{268076DB-B335-48A9-9C64-D3943A658513}.Debug|iPhoneSimulator.Build.0 = Debug|iPhoneSimulator
		{268076DB-B335-48A9-9C64-D3943A658513}.Debug|iPhoneSimulator.Deploy.0 = Debug|iPhoneSimulator
		{268076DB-B335-48A9-9C64-D3943A658513}.Debug|x64.ActiveCfg = Debug|iPhone
		{268076DB-B335-48A9-9C64-D3943A658513}.Debug|x64.Build.0 = Debug|iPhone
		{268076DB-B335-48A9-9C64-D3943A658513}.Debug|x64.Deploy.0 = Debug|iPhone
		{268076DB-B335-48A9-9C64-D3943A658513}.Debug|x86.ActiveCfg = Debug|iPhoneSimulator
		{268076DB-B335-48A9-9C64-D3943A658513}.Debug|x86.Build.0 = Debug|iPhoneSimulator
		{268076DB-B335-48A9-9C64-D3943A658513}.Debug|x86.Deploy.0 = Debug|iPhoneSimulator
		{268076DB-B335-48A9-9C64-D3943A658513}.Release|Any CPU.ActiveCfg = Release|iPhoneSimulator
		{268076DB-B335-48A9-9C64-D3943A658513}.Release|Any CPU.Build.0 = Release|iPhoneSimulator
		{268076DB-B335-48A9-9C64-D3943A658513}.Release|Any CPU.Deploy.0 = Release|iPhoneSimulator
		{268076DB-B335-48A9-9C64-D3943A658513}.Release|ARM.ActiveCfg = Release|iPhoneSimulator
		{268076DB-B335-48A9-9C64-D3943A658513}.Release|ARM.Build.0 = Release|iPhoneSimulator
		{268076DB-B335-48A9-9C64-D3943A658513}.Release|ARM.Deploy.0 = Release|iPhoneSimulator
		{268076DB-B335-48A9-9C64-D3943A658513}.Release|iPhone.ActiveCfg = Release|iPhone
		{268076DB-B335-48A9-9C64-D3943A658513}.Release|iPhone.Build.0 = Release|iPhone
		{268076DB-B335-48A9-9C64-D3943A658513}.Release|iPhone.Deploy.0 = Release|iPhone
		{268076DB-B335-48A9-9C64-D3943A658513}.Release|iPhoneSimulator.ActiveCfg = Release|iPhoneSimulator
		{268076DB-B335-48A9-9C64-D3943A658513}.Release|iPhoneSimulator.Build.0 = Release|iPhoneSimulator
		{268076DB-B335-48A9-9C64-D3943A658513}.Release|iPhoneSimulator.Deploy.0 = Release|iPhoneSimulator
		{268076DB-B335-48A9-9C64-D3943A658513}.Release|x64.ActiveCfg = Release|iPhoneSimulator
		{268076DB-B335-48A9-9C64-D3943A658513}.Release|x64.Build.0 = Release|iPhoneSimulator
		{268076DB-B335-48A9-9C64-D3943A658513}.Release|x64.Deploy.0 = Release|iPhoneSimulator
		{268076DB-B335-48A9-9C64-D3943A658513}.Release|x86.ActiveCfg = Release|iPhoneSimulator
		{268076DB-B335-48A9-9C64-D3943A658513}.Release|x86.Build.0 = Release|iPhoneSimulator
		{268076DB-B335-48A9-9C64-D3943A658513}.Release|x86.Deploy.0 = Release|iPhoneSimulator
		{1692E497-A40E-4300-AEC0-75DD529AB21F}.Debug|Any CPU.ActiveCfg = Debug|Any CPU
		{1692E497-A40E-4300-AEC0-75DD529AB21F}.Debug|Any CPU.Build.0 = Debug|Any CPU
		{1692E497-A40E-4300-AEC0-75DD529AB21F}.Debug|Any CPU.Deploy.0 = Debug|Any CPU
		{1692E497-A40E-4300-AEC0-75DD529AB21F}.Debug|ARM.ActiveCfg = Debug|Any CPU
		{1692E497-A40E-4300-AEC0-75DD529AB21F}.Debug|ARM.Build.0 = Debug|Any CPU
		{1692E497-A40E-4300-AEC0-75DD529AB21F}.Debug|ARM.Deploy.0 = Debug|Any CPU
		{1692E497-A40E-4300-AEC0-75DD529AB21F}.Debug|iPhone.ActiveCfg = Debug|Any CPU
		{1692E497-A40E-4300-AEC0-75DD529AB21F}.Debug|iPhone.Build.0 = Debug|Any CPU
		{1692E497-A40E-4300-AEC0-75DD529AB21F}.Debug|iPhone.Deploy.0 = Debug|Any CPU
		{1692E497-A40E-4300-AEC0-75DD529AB21F}.Debug|iPhoneSimulator.ActiveCfg = Debug|Any CPU
		{1692E497-A40E-4300-AEC0-75DD529AB21F}.Debug|iPhoneSimulator.Build.0 = Debug|Any CPU
		{1692E497-A40E-4300-AEC0-75DD529AB21F}.Debug|iPhoneSimulator.Deploy.0 = Debug|Any CPU
		{1692E497-A40E-4300-AEC0-75DD529AB21F}.Debug|x64.ActiveCfg = Debug|Any CPU
		{1692E497-A40E-4300-AEC0-75DD529AB21F}.Debug|x64.Build.0 = Debug|Any CPU
		{1692E497-A40E-4300-AEC0-75DD529AB21F}.Debug|x64.Deploy.0 = Debug|Any CPU
		{1692E497-A40E-4300-AEC0-75DD529AB21F}.Debug|x86.ActiveCfg = Debug|Any CPU
		{1692E497-A40E-4300-AEC0-75DD529AB21F}.Debug|x86.Build.0 = Debug|Any CPU
		{1692E497-A40E-4300-AEC0-75DD529AB21F}.Debug|x86.Deploy.0 = Debug|Any CPU
		{1692E497-A40E-4300-AEC0-75DD529AB21F}.Release|Any CPU.ActiveCfg = Release|Any CPU
		{1692E497-A40E-4300-AEC0-75DD529AB21F}.Release|Any CPU.Build.0 = Release|Any CPU
		{1692E497-A40E-4300-AEC0-75DD529AB21F}.Release|Any CPU.Deploy.0 = Release|Any CPU
		{1692E497-A40E-4300-AEC0-75DD529AB21F}.Release|ARM.ActiveCfg = Release|Any CPU
		{1692E497-A40E-4300-AEC0-75DD529AB21F}.Release|ARM.Build.0 = Release|Any CPU
		{1692E497-A40E-4300-AEC0-75DD529AB21F}.Release|ARM.Deploy.0 = Release|Any CPU
		{1692E497-A40E-4300-AEC0-75DD529AB21F}.Release|iPhone.ActiveCfg = Release|Any CPU
		{1692E497-A40E-4300-AEC0-75DD529AB21F}.Release|iPhone.Build.0 = Release|Any CPU
		{1692E497-A40E-4300-AEC0-75DD529AB21F}.Release|iPhone.Deploy.0 = Release|Any CPU
		{1692E497-A40E-4300-AEC0-75DD529AB21F}.Release|iPhoneSimulator.ActiveCfg = Release|Any CPU
		{1692E497-A40E-4300-AEC0-75DD529AB21F}.Release|iPhoneSimulator.Build.0 = Release|Any CPU
		{1692E497-A40E-4300-AEC0-75DD529AB21F}.Release|iPhoneSimulator.Deploy.0 = Release|Any CPU
		{1692E497-A40E-4300-AEC0-75DD529AB21F}.Release|x64.ActiveCfg = Release|Any CPU
		{1692E497-A40E-4300-AEC0-75DD529AB21F}.Release|x64.Build.0 = Release|Any CPU
		{1692E497-A40E-4300-AEC0-75DD529AB21F}.Release|x64.Deploy.0 = Release|Any CPU
		{1692E497-A40E-4300-AEC0-75DD529AB21F}.Release|x86.ActiveCfg = Release|Any CPU
		{1692E497-A40E-4300-AEC0-75DD529AB21F}.Release|x86.Build.0 = Release|Any CPU
		{1692E497-A40E-4300-AEC0-75DD529AB21F}.Release|x86.Deploy.0 = Release|Any CPU
	EndGlobalSection
	GlobalSection(SolutionProperties) = preSolution
		HideSolutionNode = FALSE
	EndGlobalSection
	GlobalSection(ExtensibilityGlobals) = postSolution
		SolutionGuid = {865BBCBA-F3A1-471E-9227-662547ABF4EE}
	EndGlobalSection
EndGlobal
